
Microsoft Visual Studio Solution File, Format Version 12.00
# Visual Studio Version 17
VisualStudioVersion = 17.3.32922.545
MinimumVisualStudioVersion = 10.0.40219.1
Project("{FAE04EC0-301F-11D3-BF4B-00C04F79EFBC}") = "Escuela", "Escuela\Escuela.csproj", "{BFD4A060-4A64-4A2F-BDF6-C4E2E87891BC}"
EndProject
Global
	GlobalSection(SolutionConfigurationPlatforms) = preSolution
		Debug|Any CPU = Debug|Any CPU
		Release|Any CPU = Release|Any CPU
	EndGlobalSection
	GlobalSection(ProjectConfigurationPlatforms) = postSolution
		{BFD4A060-4A64-4A2F-BDF6-C4E2E87891BC}.Debug|Any CPU.ActiveCfg = Debug|Any CPU
		{BFD4A060-4A64-4A2F-BDF6-C4E2E87891BC}.Debug|Any CPU.Build.0 = Debug|Any CPU
		{BFD4A060-4A64-4A2F-BDF6-C4E2E87891BC}.Release|Any CPU.ActiveCfg = Release|Any CPU
		{BFD4A060-4A64-4A2F-BDF6-C4E2E87891BC}.Release|Any CPU.Build.0 = Release|Any CPU
	EndGlobalSection
	GlobalSection(SolutionProperties) = preSolution
		HideSolutionNode = FALSE
	EndGlobalSection
	GlobalSection(ExtensibilityGlobals) = postSolution
		SolutionGuid = {2B8AEAC1-9250-45BF-94FC-AF80BAB777A0}
	EndGlobalSection
EndGlobal
